
Microsoft Visual Studio Solution File, Format Version 12.00
# Visual Studio Version 17
VisualStudioVersion = 17.0.31903.59
MinimumVisualStudioVersion = 10.0.40219.1
Project("{2150E333-8FDC-42A3-9474-1A3956D46DE8}") = "dotnet", "dotnet", "{D5B78F0C-482B-4A79-B5FD-8BAF5B0126F5}"
EndProject
Project("{FAE04EC0-301F-11D3-BF4B-00C04F79EFBC}") = "SlotSdk", "dotnet\SlotSdk\SlotSdk.csproj", "{1D151901-FE14-436D-A728-93BD1FAF6FC6}"
EndProject
Project("{FAE04EC0-301F-11D3-BF4B-00C04F79EFBC}") = "SlotSdk.Tests", "dotnet\SlotSdk.Tests\SlotSdk.Tests.csproj", "{AEA73D3E-88EF-4102-BF21-87C49608DF99}"
EndProject
Project("{FAE04EC0-301F-11D3-BF4B-00C04F79EFBC}") = "SlotSdk.Simulator", "dotnet\SlotSdk.Simulator\SlotSdk.Simulator.csproj", "{4C15CABF-C517-4985-AC80-A3938A882FA1}"
EndProject
Project("{FAE04EC0-301F-11D3-BF4B-00C04F79EFBC}") = "ConsoleSlot", "..\samples\ConsoleSlot\ConsoleSlot.csproj", "{0D3E4206-0029-4BFA-91E5-F1C50A347A45}"
EndProject
Global
	GlobalSection(SolutionConfigurationPlatforms) = preSolution
		Debug|Any CPU = Debug|Any CPU
		Release|Any CPU = Release|Any CPU
	EndGlobalSection
	GlobalSection(SolutionProperties) = preSolution
		HideSolutionNode = FALSE
	EndGlobalSection
	GlobalSection(ProjectConfigurationPlatforms) = postSolution
		{1D151901-FE14-436D-A728-93BD1FAF6FC6}.Debug|Any CPU.ActiveCfg = Debug|Any CPU
		{1D151901-FE14-436D-A728-93BD1FAF6FC6}.Debug|Any CPU.Build.0 = Debug|Any CPU
		{1D151901-FE14-436D-A728-93BD1FAF6FC6}.Release|Any CPU.ActiveCfg = Release|Any CPU
		{1D151901-FE14-436D-A728-93BD1FAF6FC6}.Release|Any CPU.Build.0 = Release|Any CPU
		{AEA73D3E-88EF-4102-BF21-87C49608DF99}.Debug|Any CPU.ActiveCfg = Debug|Any CPU
		{AEA73D3E-88EF-4102-BF21-87C49608DF99}.Debug|Any CPU.Build.0 = Debug|Any CPU
		{AEA73D3E-88EF-4102-BF21-87C49608DF99}.Release|Any CPU.ActiveCfg = Release|Any CPU
		{AEA73D3E-88EF-4102-BF21-87C49608DF99}.Release|Any CPU.Build.0 = Release|Any CPU
		{4C15CABF-C517-4985-AC80-A3938A882FA1}.Debug|Any CPU.ActiveCfg = Debug|Any CPU
		{4C15CABF-C517-4985-AC80-A3938A882FA1}.Debug|Any CPU.Build.0 = Debug|Any CPU
		{4C15CABF-C517-4985-AC80-A3938A882FA1}.Release|Any CPU.ActiveCfg = Release|Any CPU
		{4C15CABF-C517-4985-AC80-A3938A882FA1}.Release|Any CPU.Build.0 = Release|Any CPU
		{0D3E4206-0029-4BFA-91E5-F1C50A347A45}.Debug|Any CPU.ActiveCfg = Debug|Any CPU
		{0D3E4206-0029-4BFA-91E5-F1C50A347A45}.Debug|Any CPU.Build.0 = Debug|Any CPU
		{0D3E4206-0029-4BFA-91E5-F1C50A347A45}.Release|Any CPU.ActiveCfg = Release|Any CPU
		{0D3E4206-0029-4BFA-91E5-F1C50A347A45}.Release|Any CPU.Build.0 = Release|Any CPU
	EndGlobalSection
	GlobalSection(NestedProjects) = preSolution
		{1D151901-FE14-436D-A728-93BD1FAF6FC6} = {D5B78F0C-482B-4A79-B5FD-8BAF5B0126F5}
		{AEA73D3E-88EF-4102-BF21-87C49608DF99} = {D5B78F0C-482B-4A79-B5FD-8BAF5B0126F5}
		{4C15CABF-C517-4985-AC80-A3938A882FA1} = {D5B78F0C-482B-4A79-B5FD-8BAF5B0126F5}
	EndGlobalSection
EndGlobal
